
Microsoft Visual Studio Solution File, Format Version 12.00
# Visual Studio 15
VisualStudioVersion = 15.0.28307.1022
MinimumVisualStudioVersion = 10.0.40219.1
Project("{159641D6-6404-4A2A-AE62-294DE0FE8301}") = "TBL_PV", "TBL_PV\TBL_PV.dtproj", "{DD4B9FA2-7C72-4BAA-8CF8-A507AD7C3009}"
EndProject
Global
	GlobalSection(SolutionConfigurationPlatforms) = preSolution
		Development|Default = Development|Default
	EndGlobalSection
	GlobalSection(ProjectConfigurationPlatforms) = postSolution
		{DD4B9FA2-7C72-4BAA-8CF8-A507AD7C3009}.Development|Default.ActiveCfg = Development
		{DD4B9FA2-7C72-4BAA-8CF8-A507AD7C3009}.Development|Default.Build.0 = Development
	EndGlobalSection
	GlobalSection(SolutionProperties) = preSolution
		HideSolutionNode = FALSE
	EndGlobalSection
	GlobalSection(ExtensibilityGlobals) = postSolution
		SolutionGuid = {C8CC446F-DB3E-4C25-A9BC-39EF3658EF6D}
	EndGlobalSection
EndGlobal
